// !$*UTF8*$!
{
	archiveVersion = 1;
	classes = {
	};
	objectVersion = 50;
	objects = {

/* Begin PBXBuildFile section */
		13F624342444643A001FE6EA /* AppDelegate.swift in Sources */ = {isa = PBXBuildFile; fileRef = 13F624332444643A001FE6EA /* AppDelegate.swift */; };
		13F624362444643A001FE6EA /* SceneDelegate.swift in Sources */ = {isa = PBXBuildFile; fileRef = 13F624352444643A001FE6EA /* SceneDelegate.swift */; };
		13F624382444643A001FE6EA /* ViewController.swift in Sources */ = {isa = PBXBuildFile; fileRef = 13F624372444643A001FE6EA /* ViewController.swift */; };
		13F6243B2444643A001FE6EA /* Main.storyboard in Resources */ = {isa = PBXBuildFile; fileRef = 13F624392444643A001FE6EA /* Main.storyboard */; };
		13F6243D2444643B001FE6EA /* Assets.xcassets in Resources */ = {isa = PBXBuildFile; fileRef = 13F6243C2444643B001FE6EA /* Assets.xcassets */; };
		13F624402444643B001FE6EA /* LaunchScreen.storyboard in Resources */ = {isa = PBXBuildFile; fileRef = 13F6243E2444643B001FE6EA /* LaunchScreen.storyboard */; };
		13F6244824446465001FE6EA /* AudioRecoderView.swift in Sources */ = {isa = PBXBuildFile; fileRef = 13F6244724446465001FE6EA /* AudioRecoderView.swift */; };
/* End PBXBuildFile section */

/* Begin PBXFileReference section */
		13F624302444643A001FE6EA /* AudioRecoderView.app */ = {isa = PBXFileReference; explicitFileType = wrapper.application; includeInIndex = 0; path = AudioRecoderView.app; sourceTree = BUILT_PRODUCTS_DIR; };
		13F624332444643A001FE6EA /* AppDelegate.swift */ = {isa = PBXFileReference; lastKnownFileType = sourcecode.swift; path = AppDelegate.swift; sourceTree = "<group>"; };
		13F624352444643A001FE6EA /* SceneDelegate.swift */ = {isa = PBXFileReference; lastKnownFileType = sourcecode.swift; path = SceneDelegate.swift; sourceTree = "<group>"; };
		13F624372444643A001FE6EA /* ViewController.swift */ = {isa = PBXFileReference; lastKnownFileType = sourcecode.swift; path = ViewController.swift; sourceTree = "<group>"; };
		13F6243A2444643A001FE6EA /* Base */ = {isa = PBXFileReference; lastKnownFileType = file.storyboard; name = Base; path = Base.lproj/Main.storyboard; sourceTree = "<group>"; };
		13F6243C2444643B001FE6EA /* Assets.xcassets */ = {isa = PBXFileReference; lastKnownFileType = folder.assetcatalog; path = Assets.xcassets; sourceTree = "<group>"; };
		13F6243F2444643B001FE6EA /* Base */ = {isa = PBXFileReference; lastKnownFileType = file.storyboard; name = Base; path = Base.lproj/LaunchScreen.storyboard; sourceTree = "<group>"; };
		13F624412444643B001FE6EA /* Info.plist */ = {isa = PBXFileReference; lastKnownFileType = text.plist.xml; path = Info.plist; sourceTree = "<group>"; };
		13F6244724446465001FE6EA /* AudioRecoderView.swift */ = {isa = PBXFileReference; lastKnownFileType = sourcecode.swift; path = AudioRecoderView.swift; sourceTree = "<group>"; };
/* End PBXFileReference section */

/* Begin PBXFrameworksBuildPhase section */
		13F6242D2444643A001FE6EA /* Frameworks */ = {
			isa = PBXFrameworksBuildPhase;
			buildActionMask = 2147483647;
			files = (
			);
			runOnlyForDeploymentPostprocessing = 0;
		};
/* End PBXFrameworksBuildPhase section */

/* Begin PBXGroup section */
		13F624272444643A001FE6EA = {
			isa = PBXGroup;
			children = (
				13F624322444643A001FE6EA /* AudioRecoderView */,
				13F624312444643A001FE6EA /* Products */,
			);
			sourceTree = "<group>";
		};
		13F624312444643A001FE6EA /* Products */ = {
			isa = PBXGroup;
			children = (
				13F624302444643A001FE6EA /* AudioRecoderView.app */,
			);
			name = Products;
			sourceTree = "<group>";
		};
		13F624322444643A001FE6EA /* AudioRecoderView */ = {
			isa = PBXGroup;
			children = (
				13F624332444643A001FE6EA /* AppDelegate.swift */,
				13F624352444643A001FE6EA /* SceneDelegate.swift */,
				13F624372444643A001FE6EA /* ViewController.swift */,
				13F6244724446465001FE6EA /* AudioRecoderView.swift */,
				13F624392444643A001FE6EA /* Main.storyboard */,
				13F6243C2444643B001FE6EA /* Assets.xcassets */,
				13F6243E2444643B001FE6EA /* LaunchScreen.storyboard */,
				13F624412444643B001FE6EA /* Info.plist */,
			);
			path = AudioRecoderView;
			sourceTree = "<group>";
		};
/* End PBXGroup section */

/* Begin PBXNativeTarget section */
		13F6242F2444643A001FE6EA /* AudioRecoderView */ = {
			isa = PBXNativeTarget;
			buildConfigurationList = 13F624442444643B001FE6EA /* Build configuration list for PBXNativeTarget "AudioRecoderView" */;
			buildPhases = (
				13F6242C2444643A001FE6EA /* Sources */,
				13F6242D2444643A001FE6EA /* Frameworks */,
				13F6242E2444643A001FE6EA /* Resources */,
			);
			buildRules = (
			);
			dependencies = (
			);
			name = AudioRecoderView;
			productName = AudioRecoderView;
			productReference = 13F624302444643A001FE6EA /* AudioRecoderView.app */;
			productType = "com.apple.product-type.application";
		};
/* End PBXNativeTarget section */

/* Begin PBXProject section */
		13F624282444643A001FE6EA /* Project object */ = {
			isa = PBXProject;
			attributes = {
				LastSwiftUpdateCheck = 1140;
				LastUpgradeCheck = 1140;
				ORGANIZATIONNAME = "Максим Спиридонов";
				TargetAttributes = {
					13F6242F2444643A001FE6EA = {
						CreatedOnToolsVersion = 11.4;
					};
				};
			};
			buildConfigurationList = 13F6242B2444643A001FE6EA /* Build configuration list for PBXProject "AudioRecoderView" */;
			compatibilityVersion = "Xcode 9.3";
			developmentRegion = en;
			hasScannedForEncodings = 0;
			knownRegions = (
				en,
				Base,
			);
			mainGroup = 13F624272444643A001FE6EA;
			productRefGroup = 13F624312444643A001FE6EA /* Products */;
			projectDirPath = "";
			projectRoot = "";
			targets = (
				13F6242F2444643A001FE6EA /* AudioRecoderView */,
			);
		};
/* End PBXProject section */

/* Begin PBXResourcesBuildPhase section */
		13F6242E2444643A001FE6EA /* Resources */ = {
			isa = PBXResourcesBuildPhase;
			buildActionMask = 2147483647;
			files = (
				13F624402444643B001FE6EA /* LaunchScreen.storyboard in Resources */,
				13F6243D2444643B001FE6EA /* Assets.xcassets in Resources */,
				13F6243B2444643A001FE6EA /* Main.storyboard in Resources */,
			);
			runOnlyForDeploymentPostprocessing = 0;
		};
/* End PBXResourcesBuildPhase section */

/* Begin PBXSourcesBuildPhase section */
		13F6242C2444643A001FE6EA /* Sources */ = {
			isa = PBXSourcesBuildPhase;
			buildActionMask = 2147483647;
			files = (
				13F624382444643A001FE6EA /* ViewController.swift in Sources */,
				13F624342444643A001FE6EA /* AppDelegate.swift in Sources */,
				13F6244824446465001FE6EA /* AudioRecoderView.swift in Sources */,
				13F624362444643A001FE6EA /* SceneDelegate.swift in Sources */,
			);
			runOnlyForDeploymentPostprocessing = 0;
		};
/* End PBXSourcesBuildPhase section */

/* Begin PBXVariantGroup section */
		13F624392444643A001FE6EA /* Main.storyboard */ = {
			isa = PBXVariantGroup;
			children = (
				13F6243A2444643A001FE6EA /* Base */,
			);
			name = Main.storyboard;
			sourceTree = "<group>";
		};
		13F6243E2444643B001FE6EA /* LaunchScreen.storyboard */ = {
			isa = PBXVariantGroup;
			children = (
				13F6243F2444643B001FE6EA /* Base */,
			);
			name = LaunchScreen.storyboard;
			sourceTree = "<group>";
		};
/* End PBXVariantGroup section */

/* Begin XCBuildConfiguration section */
		13F624422444643B001FE6EA /* Debug */ = {
			isa = XCBuildConfiguration;
			buildSettings = {
				ALWAYS_SEARCH_USER_PATHS = NO;
				CLANG_ANALYZER_NONNULL = YES;
				CLANG_ANALYZER_NUMBER_OBJECT_CONVERSION = YES_AGGRESSIVE;
				CLANG_CXX_LANGUAGE_STANDARD = "gnu++14";
				CLANG_CXX_LIBRARY = "libc++";
				CLANG_ENABLE_MODULES = YES;
				CLANG_ENABLE_OBJC_ARC = YES;
				CLANG_ENABLE_OBJC_WEAK = YES;
				CLANG_WARN_BLOCK_CAPTURE_AUTORELEASING = YES;
				CLANG_WARN_BOOL_CONVERSION = YES;
				CLANG_WARN_COMMA = YES;
				CLANG_WARN_CONSTANT_CONVERSION = YES;
				CLANG_WARN_DEPRECATED_OBJC_IMPLEMENTATIONS = YES;
				CLANG_WARN_DIRECT_OBJC_ISA_USAGE = YES_ERROR;
				CLANG_WARN_DOCUMENTATION_COMMENTS = YES;
				CLANG_WARN_EMPTY_BODY = YES;
				CLANG_WARN_ENUM_CONVERSION = YES;
				CLANG_WARN_INFINITE_RECURSION = YES;
				CLANG_WARN_INT_CONVERSION = YES;
				CLANG_WARN_NON_LITERAL_NULL_CONVERSION = YES;
				CLANG_WARN_OBJC_IMPLICIT_RETAIN_SELF = YES;
				CLANG_WARN_OBJC_LITERAL_CONVERSION = YES;
				CLANG_WARN_OBJC_ROOT_CLASS = YES_ERROR;
				CLANG_WARN_RANGE_LOOP_ANALYSIS = YES;
				CLANG_WARN_STRICT_PROTOTYPES = YES;
				CLANG_WARN_SUSPICIOUS_MOVE = YES;
				CLANG_WARN_UNGUARDED_AVAILABILITY = YES_AGGRESSIVE;
				CLANG_WARN_UNREACHABLE_CODE = YES;
				CLANG_WARN__DUPLICATE_METHOD_MATCH = YES;
				COPY_PHASE_STRIP = NO;
				DEBUG_INFORMATION_FORMAT = dwarf;
				ENABLE_STRICT_OBJC_MSGSEND = YES;
				ENABLE_TESTABILITY = YES;
				GCC_C_LANGUAGE_STANDARD = gnu11;
				GCC_DYNAMIC_NO_PIC = NO;
				GCC_NO_COMMON_BLOCKS = YES;
				GCC_OPTIMIZATION_LEVEL = 0;
				GCC_PREPROCESSOR_DEFINITIONS = (
					"DEBUG=1",
					"$(inherited)",
				);
				GCC_WARN_64_TO_32_BIT_CONVERSION = YES;
				GCC_WARN_ABOUT_RETURN_TYPE = YES_ERROR;
				GCC_WARN_UNDECLARED_SELECTOR = YES;
				GCC_WARN_UNINITIALIZED_AUTOS = YES_AGGRESSIVE;
				GCC_WARN_UNUSED_FUNCTION = YES;
				GCC_WARN_UNUSED_VARIABLE = YES;
				IPHONEOS_DEPLOYMENT_TARGET = 13.4;
				MTL_ENABLE_DEBUG_INFO = INCLUDE_SOURCE;
				MTL_FAST_MATH = YES;
				ONLY_ACTIVE_ARCH = YES;
				SDKROOT = iphoneos;
				SWIFT_ACTIVE_COMPILATION_CONDITIONS = DEBUG;
				SWIFT_OPTIMIZATION_LEVEL = "-Onone";
			};
			name = Debug;
		};
		13F624432444643B001FE6EA /* Release */ = {
			isa = XCBuildConfiguration;
			buildSettings = {
				ALWAYS_SEARCH_USER_PATHS = NO;
				CLANG_ANALYZER_NONNULL = YES;
				CLANG_ANALYZER_NUMBER_OBJECT_CONVERSION = YES_AGGRESSIVE;
				CLANG_CXX_LANGUAGE_STANDARD = "gnu++14";
				CLANG_CXX_LIBRARY = "libc++";
				CLANG_ENABLE_MODULES = YES;
				CLANG_ENABLE_OBJC_ARC = YES;
				CLANG_ENABLE_OBJC_WEAK = YES;
				CLANG_WARN_BLOCK_CAPTURE_AUTORELEASING = YES;
				CLANG_WARN_BOOL_CONVERSION = YES;
				CLANG_WARN_COMMA = YES;
				CLANG_WARN_CONSTANT_CONVERSION = YES;
				CLANG_WARN_DEPRECATED_OBJC_IMPLEMENTATIONS = YES;
				CLANG_WARN_DIRECT_OBJC_ISA_USAGE = YES_ERROR;
				CLANG_WARN_DOCUMENTATION_COMMENTS = YES;
				CLANG_WARN_EMPTY_BODY = YES;
				CLANG_WARN_ENUM_CONVERSION = YES;
				CLANG_WARN_INFINITE_RECURSION = YES;
				CLANG_WARN_INT_CONVERSION = YES;
				CLANG_WARN_NON_LITERAL_NULL_CONVERSION = YES;
				CLANG_WARN_OBJC_IMPLICIT_RETAIN_SELF = YES;
				CLANG_WARN_OBJC_LITERAL_CONVERSION = YES;
				CLANG_WARN_OBJC_ROOT_CLASS = YES_ERROR;
				CLANG_WARN_RANGE_LOOP_ANALYSIS = YES;
				CLANG_WARN_STRICT_PROTOTYPES = YES;
				CLANG_WARN_SUSPICIOUS_MOVE = YES;
				CLANG_WARN_UNGUARDED_AVAILABILITY = YES_AGGRESSIVE;
				CLANG_WARN_UNREACHABLE_CODE = YES;
				CLANG_WARN__DUPLICATE_METHOD_MATCH = YES;
				COPY_PHASE_STRIP = NO;
				DEBUG_INFORMATION_FORMAT = "dwarf-with-dsym";
				ENABLE_NS_ASSERTIONS = NO;
				ENABLE_STRICT_OBJC_MSGSEND = YES;
				GCC_C_LANGUAGE_STANDARD = gnu11;
				GCC_NO_COMMON_BLOCKS = YES;
				GCC_WARN_64_TO_32_BIT_CONVERSION = YES;
				GCC_WARN_ABOUT_RETURN_TYPE = YES_ERROR;
				GCC_WARN_UNDECLARED_SELECTOR = YES;
				GCC_WARN_UNINITIALIZED_AUTOS = YES_AGGRESSIVE;
				GCC_WARN_UNUSED_FUNCTION = YES;
				GCC_WARN_UNUSED_VARIABLE = YES;
				IPHONEOS_DEPLOYMENT_TARGET = 13.4;
				MTL_ENABLE_DEBUG_INFO = NO;
				MTL_FAST_MATH = YES;
				SDKROOT = iphoneos;
				SWIFT_COMPILATION_MODE = wholemodule;
				SWIFT_OPTIMIZATION_LEVEL = "-O";
				VALIDATE_PRODUCT = YES;
			};
			name = Release;
		};
		13F624452444643B001FE6EA /* Debug */ = {
			isa = XCBuildConfiguration;
			buildSettings = {
				ASSETCATALOG_COMPILER_APPICON_NAME = AppIcon;
				CODE_SIGN_STYLE = Automatic;
				DEVELOPMENT_TEAM = C8F3CLJ592;
				INFOPLIST_FILE = AudioRecoderView/Info.plist;
				LD_RUNPATH_SEARCH_PATHS = (
					"$(inherited)",
					"@executable_path/Frameworks",
				);
				PRODUCT_BUNDLE_IDENTIFIER = taijased.AudioRecoderView;
				PRODUCT_NAME = "$(TARGET_NAME)";
				SWIFT_VERSION = 5.0;
				TARGETED_DEVICE_FAMILY = "1,2";
			};
			name = Debug;
		};
		13F624462444643B001FE6EA /* Release */ = {
			isa = XCBuildConfiguration;
			buildSettings = {
				ASSETCATALOG_COMPILER_APPICON_NAME = AppIcon;
				CODE_SIGN_STYLE = Automatic;
				DEVELOPMENT_TEAM = C8F3CLJ592;
				INFOPLIST_FILE = AudioRecoderView/Info.plist;
				LD_RUNPATH_SEARCH_PATHS = (
					"$(inherited)",
					"@executable_path/Frameworks",
				);
				PRODUCT_BUNDLE_IDENTIFIER = taijased.AudioRecoderView;
				PRODUCT_NAME = "$(TARGET_NAME)";
				SWIFT_VERSION = 5.0;
				TARGETED_DEVICE_FAMILY = "1,2";
			};
			name = Release;
		};
/* End XCBuildConfiguration section */

/* Begin XCConfigurationList section */
		13F6242B2444643A001FE6EA /* Build configuration list for PBXProject "AudioRecoderView" */ = {
			isa = XCConfigurationList;
			buildConfigurations = (
				13F624422444643B001FE6EA /* Debug */,
				13F624432444643B001FE6EA /* Release */,
			);
			defaultConfigurationIsVisible = 0;
			defaultConfigurationName = Release;
		};
		13F624442444643B001FE6EA /* Build configuration list for PBXNativeTarget "AudioRecoderView" */ = {
			isa = XCConfigurationList;
			buildConfigurations = (
				13F624452444643B001FE6EA /* Debug */,
				13F624462444643B001FE6EA /* Release */,
			);
			defaultConfigurationIsVisible = 0;
			defaultConfigurationName = Release;
		};
/* End XCConfigurationList section */
	};
	rootObject = 13F624282444643A001FE6EA /* Project object */;
}
